
Microsoft Visual Studio Solution File, Format Version 12.00
# Visual Studio Version 17
VisualStudioVersion = 17.14.36301.6
MinimumVisualStudioVersion = 10.0.40219.1
Project("{FAE04EC0-301F-11D3-BF4B-00C04F79EFBC}") = "Blog", "Blog\Blog.csproj", "{5FC2F3BE-3D77-49F9-B26C-5D8E8AE81ACB}"
EndProject
Project("{FAE04EC0-301F-11D3-BF4B-00C04F79EFBC}") = "Application", "Application\Application.csproj", "{551DD6B4-FCA1-445C-8B74-ED18A17F9DCA}"
EndProject
Project("{FAE04EC0-301F-11D3-BF4B-00C04F79EFBC}") = "LocalDataBase", "LocalDataBase\LocalDataBase.csproj", "{3B35A278-9C4C-4EB5-BB74-AE322A5577DA}"
EndProject
Project("{FAE04EC0-301F-11D3-BF4B-00C04F79EFBC}") = "ViewModel", "ViewModel\ViewModel.csproj", "{3C6F97D0-CBD3-44D8-A500-AE311EC3C7A4}"
EndProject
Project("{FAE04EC0-301F-11D3-BF4B-00C04F79EFBC}") = "Common", "Common\Common.csproj", "{E15E491A-E872-91D8-DF7A-CA59C792F064}"
EndProject
Global
	GlobalSection(SolutionConfigurationPlatforms) = preSolution
		Debug|Any CPU = Debug|Any CPU
		Release|Any CPU = Release|Any CPU
	EndGlobalSection
	GlobalSection(ProjectConfigurationPlatforms) = postSolution
		{5FC2F3BE-3D77-49F9-B26C-5D8E8AE81ACB}.Debug|Any CPU.ActiveCfg = Debug|Any CPU
		{5FC2F3BE-3D77-49F9-B26C-5D8E8AE81ACB}.Debug|Any CPU.Build.0 = Debug|Any CPU
		{5FC2F3BE-3D77-49F9-B26C-5D8E8AE81ACB}.Debug|Any CPU.Deploy.0 = Debug|Any CPU
		{5FC2F3BE-3D77-49F9-B26C-5D8E8AE81ACB}.Release|Any CPU.ActiveCfg = Release|Any CPU
		{5FC2F3BE-3D77-49F9-B26C-5D8E8AE81ACB}.Release|Any CPU.Build.0 = Release|Any CPU
		{5FC2F3BE-3D77-49F9-B26C-5D8E8AE81ACB}.Release|Any CPU.Deploy.0 = Release|Any CPU
		{551DD6B4-FCA1-445C-8B74-ED18A17F9DCA}.Debug|Any CPU.ActiveCfg = Debug|Any CPU
		{551DD6B4-FCA1-445C-8B74-ED18A17F9DCA}.Debug|Any CPU.Build.0 = Debug|Any CPU
		{551DD6B4-FCA1-445C-8B74-ED18A17F9DCA}.Release|Any CPU.ActiveCfg = Release|Any CPU
		{551DD6B4-FCA1-445C-8B74-ED18A17F9DCA}.Release|Any CPU.Build.0 = Release|Any CPU
		{3B35A278-9C4C-4EB5-BB74-AE322A5577DA}.Debug|Any CPU.ActiveCfg = Debug|Any CPU
		{3B35A278-9C4C-4EB5-BB74-AE322A5577DA}.Debug|Any CPU.Build.0 = Debug|Any CPU
		{3B35A278-9C4C-4EB5-BB74-AE322A5577DA}.Release|Any CPU.ActiveCfg = Release|Any CPU
		{3B35A278-9C4C-4EB5-BB74-AE322A5577DA}.Release|Any CPU.Build.0 = Release|Any CPU
		{3C6F97D0-CBD3-44D8-A500-AE311EC3C7A4}.Debug|Any CPU.ActiveCfg = Debug|Any CPU
		{3C6F97D0-CBD3-44D8-A500-AE311EC3C7A4}.Debug|Any CPU.Build.0 = Debug|Any CPU
		{3C6F97D0-CBD3-44D8-A500-AE311EC3C7A4}.Release|Any CPU.ActiveCfg = Release|Any CPU
		{3C6F97D0-CBD3-44D8-A500-AE311EC3C7A4}.Release|Any CPU.Build.0 = Release|Any CPU
		{E15E491A-E872-91D8-DF7A-CA59C792F064}.Debug|Any CPU.ActiveCfg = Debug|Any CPU
		{E15E491A-E872-91D8-DF7A-CA59C792F064}.Debug|Any CPU.Build.0 = Debug|Any CPU
		{E15E491A-E872-91D8-DF7A-CA59C792F064}.Release|Any CPU.ActiveCfg = Release|Any CPU
		{E15E491A-E872-91D8-DF7A-CA59C792F064}.Release|Any CPU.Build.0 = Release|Any CPU
	EndGlobalSection
	GlobalSection(SolutionProperties) = preSolution
		HideSolutionNode = FALSE
	EndGlobalSection
	GlobalSection(ExtensibilityGlobals) = postSolution
		SolutionGuid = {1DB4721B-1D86-4603-A406-80FD331E5E0B}
	EndGlobalSection
EndGlobal
